{
    "_meta": {
        "hash": {
            "sha256": "70e5afdcdb9312d1915ce673428f1dcc958b53fafdae016e12e7e2a0dcba8a47"
        },
        "pipfile-spec": 6,
        "requires": {
            "python_version": "3"
        },
        "sources": [
            {
                "name": "pypi",
                "url": "https://pypi.org/simple",
                "verify_ssl": true
            }
        ]
    },
    "default": {
        "certifi": {
            "hashes": [
                "sha256:78884e7c1d4b00ce3cea67b44566851c4343c120abd683433ce934a68ea58872",
                "sha256:d62a0163eb4c2344ac042ab2bdf75399a71a2d8c7d47eac2e2ee91b9d6339569"
            ],
            "version": "==2021.10.8"
        },
        "charset-normalizer": {
            "hashes": [
                "sha256:1eecaa09422db5be9e29d7fc65664e6c33bd06f9ced7838578ba40d58bdf3721",
                "sha256:b0b883e8e874edfdece9c28f314e3dd5badf067342e42fb162203335ae61aa2c"
            ],
            "markers": "python_version >= '3'",
            "version": "==2.0.9"
        },
        "idna": {
            "hashes": [
                "sha256:84d9dd047ffa80596e0f246e2eab0b391788b0503584e8945f2368256d2735ff",
                "sha256:9d643ff0a55b762d5cdb124b8eaa99c66322e2157b69160bc32796e824360e6d"
            ],
            "markers": "python_version >= '3'",
            "version": "==3.3"
        },
        "pycryptodome": {
            "hashes": [
                "sha256:1181c90d1a6aee68a84826825548d0db1b58d8541101f908d779d601d1690586",
                "sha256:12c7343aec5a3b3df5c47265281b12b611f26ec9367b6129199d67da54b768c1",
                "sha256:212c7f7fe11cad9275fbcff50ca977f1c6643f13560d081e7b0f70596df447b8",
                "sha256:32d15da81959faea6cbed95df2bb44f7f796211c110cf90b5ad3b2aeeb97fc8e",
                "sha256:341c6bbf932c406b4f3ee2372e8589b67ac0cf4e99e7dc081440f43a3cde9f0f",
                "sha256:3558616f45d8584aee3eba27559bc6fd0ba9be6c076610ed3cc62bd5229ffdc3",
                "sha256:39da5807aa1ff820799c928f745f89432908bf6624b9e981d2d7f9e55d91b860",
                "sha256:3f2f3dd596c6128d91314e60a6bcf4344610ef0e97f4ae4dd1770f86dd0748d8",
                "sha256:4cded12e13785bbdf4ba1ff5fb9d261cd98162145f869e4fbc4a4b9083392f0b",
                "sha256:5a8c24d39d4a237dbfe181ea6593792bf9b5582c7fcfa7b8e0e12fda5eec07af",
                "sha256:5d4264039a2087977f50072aaff2346d1c1c101cb359f9444cf92e3d1f42b4cd",
                "sha256:6bb0d340c93bcb674ea8899e2f6408ec64c6c21731a59481332b4b2a8143cc60",
                "sha256:6f8f5b7b53516da7511951910ab458e799173722c91fea54e2ba2f56d102e4aa",
                "sha256:90ad3381ccdc6a24cc2841e295706a168f32abefe64c679695712acac71fd5da",
                "sha256:93acad54a72d81253242eb0a15064be559ec9d989e5173286dc21cad19f01765",
                "sha256:9ea2f6674c803602a7c0437fccdc2ea036707e60456974fe26ca263bd501ec45",
                "sha256:a6e1bcd9d5855f1a3c0f8d585f44c81b08f39a02754007f374fb8db9605ba29c",
                "sha256:a78e4324e566b5fbc2b51e9240950d82fa9e1c7eb77acdf27f58712f65622c1d",
                "sha256:aceb1d217c3a025fb963849071446cf3aca1353282fe1c3cb7bd7339a4d47947",
                "sha256:aed7eb4b64c600fbc5e6d4238991ad1b4179a558401f203d1fcbd24883748982",
                "sha256:b07a4238465eb8c65dd5df2ab8ba6df127e412293c0ed7656c003336f557a100",
                "sha256:b91404611767a7485837a6f1fd20cf9a5ae0ad362040a022cd65827ecb1b0d00",
                "sha256:d8083de50f6dec56c3c6f270fb193590999583a1b27c9c75bc0b5cac22d438cc",
                "sha256:d845c587ceb82ac7cbac7d0bf8c62a1a0fe7190b028b322da5ca65f6e5a18b9e",
                "sha256:db66ccda65d5d20c17b00768e462a86f6f540f9aea8419a7f76cc7d9effd82cd",
                "sha256:dc88355c4b261ed259268e65705b28b44d99570337694d593f06e3b1698eaaf3",
                "sha256:de0b711d673904dd6c65307ead36cb76622365a393569bf880895cba21195b7a",
                "sha256:e05f994f30f1cda3cbe57441f41220d16731cf99d868bb02a8f6484c454c206b",
                "sha256:e80f7469b0b3ea0f694230477d8501dc5a30a717e94fddd4821e6721f3053eae",
                "sha256:f699360ae285fcae9c8f53ca6acf33796025a82bb0ccd7c1c551b04c1726def3"
            ],
            "index": "pypi",
            "version": "==3.12.0"
        },
        "requests": {
            "hashes": [
                "sha256:6c1246513ecd5ecd4528a0906f910e8f0f9c6b8ec72030dc9fd154dc1a6efd24",
                "sha256:b8aa58f8cf793ffd8782d3d8cb19e66ef36f7aba4353eec859e74678b01b07a7"
            ],
            "index": "pypi",
            "version": "==2.26.0"
        },
        "termcolor": {
            "hashes": [
                "sha256:1d6d69ce66211143803fbc56652b41d73b4a400a2891d7bf7a1cdf4c02de613b"
            ],
            "index": "pypi",
            "version": "==1.1.0"
        },
        "urllib3": {
            "hashes": [
                "sha256:4987c65554f7a2dbf30c18fd48778ef124af6fab771a377103da0585e2336ece",
                "sha256:c4fdf4019605b6e5423637e01bc9fe4daef873709a7973e195ceba0a62bbc844"
            ],
            "markers": "python_version >= '2.7' and python_version not in '3.0, 3.1, 3.2, 3.3, 3.4' and python_version < '4'",
            "version": "==1.26.7"
        },
        "wheel": {
            "hashes": [
                "sha256:21014b2bd93c6d0034b6ba5d35e4eb284340e09d63c59aef6fc14b0f346146fd",
                "sha256:e2ef7239991699e3355d54f8e968a21bb940a1dbf34a4d226741e64462516fad"
            ],
            "index": "pypi",
            "version": "==0.37.0"
        }
    },
    "develop": {}
}
